
Microsoft Visual Studio Solution File, Format Version 12.00
# Visual Studio Version 17
VisualStudioVersion = 17.9.34622.214
MinimumVisualStudioVersion = 10.0.40219.1
Project("{FAE04EC0-301F-11D3-BF4B-00C04F79EFBC}") = "VueApp.Server", "VueApp.Server\VueApp.Server.csproj", "{1A0E9E70-A7DA-4825-8286-ABE58D177D92}"
EndProject
Project("{54A90642-561A-4BB1-A94E-469ADEE60C69}") = "vueapp.client", "vueapp.client\vueapp.client.esproj", "{F811BCCE-84F2-4577-BE1A-63C54A35CDB6}"
EndProject
Global
	GlobalSection(SolutionConfigurationPlatforms) = preSolution
		Debug|Any CPU = Debug|Any CPU
		Release|Any CPU = Release|Any CPU
	EndGlobalSection
	GlobalSection(ProjectConfigurationPlatforms) = postSolution
		{1A0E9E70-A7DA-4825-8286-ABE58D177D92}.Debug|Any CPU.ActiveCfg = Debug|Any CPU
		{1A0E9E70-A7DA-4825-8286-ABE58D177D92}.Debug|Any CPU.Build.0 = Debug|Any CPU
		{1A0E9E70-A7DA-4825-8286-ABE58D177D92}.Release|Any CPU.ActiveCfg = Release|Any CPU
		{1A0E9E70-A7DA-4825-8286-ABE58D177D92}.Release|Any CPU.Build.0 = Release|Any CPU
		{F811BCCE-84F2-4577-BE1A-63C54A35CDB6}.Debug|Any CPU.ActiveCfg = Debug|Any CPU
		{F811BCCE-84F2-4577-BE1A-63C54A35CDB6}.Debug|Any CPU.Build.0 = Debug|Any CPU
		{F811BCCE-84F2-4577-BE1A-63C54A35CDB6}.Debug|Any CPU.Deploy.0 = Debug|Any CPU
		{F811BCCE-84F2-4577-BE1A-63C54A35CDB6}.Release|Any CPU.ActiveCfg = Release|Any CPU
		{F811BCCE-84F2-4577-BE1A-63C54A35CDB6}.Release|Any CPU.Build.0 = Release|Any CPU
		{F811BCCE-84F2-4577-BE1A-63C54A35CDB6}.Release|Any CPU.Deploy.0 = Release|Any CPU
	EndGlobalSection
	GlobalSection(SolutionProperties) = preSolution
		HideSolutionNode = FALSE
	EndGlobalSection
	GlobalSection(ExtensibilityGlobals) = postSolution
		SolutionGuid = {96E92749-5D35-4593-B9A4-F85F4939A370}
	EndGlobalSection
EndGlobal
